PODS:
  - Capacitor (3.0.2):
    - CapacitorCordova
  - CapacitorCordova (3.0.2)

DEPENDENCIES:
  - "Capacitor (from `../node_modules/@capacitor/ios`)"
  - "CapacitorCordova (from `../node_modules/@capacitor/ios`)"

EXTERNAL SOURCES:
  Capacitor:
    :path: "../node_modules/@capacitor/ios"
  CapacitorCordova:
    :path: "../node_modules/@capacitor/ios"

SPEC CHECKSUMS:
  Capacitor: df6bc94955ecbe567904f1f2fe09c237f66d0de9
  CapacitorCordova: e2f9a64e0b1a47b6efed76aecbd042c40b477ee3

PODFILE CHECKSUM: d908dea01cb4b1885654341d3f4274148fb6d382

COCOAPODS: 1.10.1
