PODS:
  - Capacitor (4.0.1):
    - CapacitorCordova
  - CapacitorCordova (4.0.1)

DEPENDENCIES:
  - "Capacitor (from `../node_modules/@capacitor/ios`)"
  - "CapacitorCordova (from `../node_modules/@capacitor/ios`)"

EXTERNAL SOURCES:
  Capacitor:
    :path: "../node_modules/@capacitor/ios"
  CapacitorCordova:
    :path: "../node_modules/@capacitor/ios"

SPEC CHECKSUMS:
  Capacitor: 706b36563433f4a866cbe6d2eade7c04725d9e08
  CapacitorCordova: 728728aeeee853028558fefb4ccf7310e9d85a7a

PODFILE CHECKSUM: 14e8b2400457751b865e1c327e7cfa1c6fa67da6

COCOAPODS: 1.11.2
