PODS:
  - Capacitor (3.0.0):
    - CapacitorCordova
  - CapacitorCordova (3.0.0)

DEPENDENCIES:
  - "Capacitor (from `../node_modules/@capacitor/ios`)"
  - "CapacitorCordova (from `../node_modules/@capacitor/ios`)"

EXTERNAL SOURCES:
  Capacitor:
    :path: "../node_modules/@capacitor/ios"
  CapacitorCordova:
    :path: "../node_modules/@capacitor/ios"

SPEC CHECKSUMS:
  Capacitor: 06cd8cd01340f5b162e9528bf5569d87a6f29009
  CapacitorCordova: 183c8d1af3851da6d7a371f273462c8e64e15464

PODFILE CHECKSUM: d908dea01cb4b1885654341d3f4274148fb6d382

COCOAPODS: 1.11.2
